
Microsoft Visual Studio Solution File, Format Version 12.00
# Visual Studio Version 16
VisualStudioVersion = 16.0.29306.81
MinimumVisualStudioVersion = 10.0.40219.1
Project("{FAE04EC0-301F-11D3-BF4B-00C04F79EFBC}") = "Array", "Array\Array.csproj", "{7D0748A2-1856-436B-A2AC-2EE3497C6AEA}"
EndProject
Project("{FAE04EC0-301F-11D3-BF4B-00C04F79EFBC}") = "ArrayExtended", "..\ArrayExtended\ArrayExtended.csproj", "{6065E815-22CC-45D7-ACBA-195B6EBEE9C2}"
EndProject
Global
	GlobalSection(SolutionConfigurationPlatforms) = preSolution
		Debug|Any CPU = Debug|Any CPU
		Release|Any CPU = Release|Any CPU
	EndGlobalSection
	GlobalSection(ProjectConfigurationPlatforms) = postSolution
		{7D0748A2-1856-436B-A2AC-2EE3497C6AEA}.Debug|Any CPU.ActiveCfg = Debug|Any CPU
		{7D0748A2-1856-436B-A2AC-2EE3497C6AEA}.Debug|Any CPU.Build.0 = Debug|Any CPU
		{7D0748A2-1856-436B-A2AC-2EE3497C6AEA}.Release|Any CPU.ActiveCfg = Release|Any CPU
		{7D0748A2-1856-436B-A2AC-2EE3497C6AEA}.Release|Any CPU.Build.0 = Release|Any CPU
		{6065E815-22CC-45D7-ACBA-195B6EBEE9C2}.Debug|Any CPU.ActiveCfg = Debug|Any CPU
		{6065E815-22CC-45D7-ACBA-195B6EBEE9C2}.Debug|Any CPU.Build.0 = Debug|Any CPU
		{6065E815-22CC-45D7-ACBA-195B6EBEE9C2}.Release|Any CPU.ActiveCfg = Release|Any CPU
		{6065E815-22CC-45D7-ACBA-195B6EBEE9C2}.Release|Any CPU.Build.0 = Release|Any CPU
	EndGlobalSection
	GlobalSection(SolutionProperties) = preSolution
		HideSolutionNode = FALSE
	EndGlobalSection
	GlobalSection(ExtensibilityGlobals) = postSolution
		SolutionGuid = {61854FA8-3132-4C53-B151-DE18B8559739}
	EndGlobalSection
EndGlobal
