
Microsoft Visual Studio Solution File, Format Version 12.00
# Visual Studio Version 16
VisualStudioVersion = 16.0.29306.81
MinimumVisualStudioVersion = 10.0.40219.1
Project("{FAE04EC0-301F-11D3-BF4B-00C04F79EFBC}") = "StaticandPassValueRef", "StaticandPassValueRef\StaticandPassValueRef.csproj", "{FBDD6A67-AECA-44BF-AB5F-48A7A751224E}"
EndProject
Global
	GlobalSection(SolutionConfigurationPlatforms) = preSolution
		Debug|Any CPU = Debug|Any CPU
		Release|Any CPU = Release|Any CPU
	EndGlobalSection
	GlobalSection(ProjectConfigurationPlatforms) = postSolution
		{FBDD6A67-AECA-44BF-AB5F-48A7A751224E}.Debug|Any CPU.ActiveCfg = Debug|Any CPU
		{FBDD6A67-AECA-44BF-AB5F-48A7A751224E}.Debug|Any CPU.Build.0 = Debug|Any CPU
		{FBDD6A67-AECA-44BF-AB5F-48A7A751224E}.Release|Any CPU.ActiveCfg = Release|Any CPU
		{FBDD6A67-AECA-44BF-AB5F-48A7A751224E}.Release|Any CPU.Build.0 = Release|Any CPU
	EndGlobalSection
	GlobalSection(SolutionProperties) = preSolution
		HideSolutionNode = FALSE
	EndGlobalSection
	GlobalSection(ExtensibilityGlobals) = postSolution
		SolutionGuid = {D2CE93F2-6E60-49D9-AB32-1185A28F6801}
	EndGlobalSection
EndGlobal
