
Microsoft Visual Studio Solution File, Format Version 12.00
# Visual Studio Version 16
VisualStudioVersion = 16.0.29306.81
MinimumVisualStudioVersion = 10.0.40219.1
Project("{FAE04EC0-301F-11D3-BF4B-00C04F79EFBC}") = "Generics", "Generics\Generics.csproj", "{5F47C762-6929-4874-A7D7-809B3ABD909D}"
EndProject
Global
	GlobalSection(SolutionConfigurationPlatforms) = preSolution
		Debug|Any CPU = Debug|Any CPU
		Release|Any CPU = Release|Any CPU
	EndGlobalSection
	GlobalSection(ProjectConfigurationPlatforms) = postSolution
		{5F47C762-6929-4874-A7D7-809B3ABD909D}.Debug|Any CPU.ActiveCfg = Debug|Any CPU
		{5F47C762-6929-4874-A7D7-809B3ABD909D}.Debug|Any CPU.Build.0 = Debug|Any CPU
		{5F47C762-6929-4874-A7D7-809B3ABD909D}.Release|Any CPU.ActiveCfg = Release|Any CPU
		{5F47C762-6929-4874-A7D7-809B3ABD909D}.Release|Any CPU.Build.0 = Release|Any CPU
	EndGlobalSection
	GlobalSection(SolutionProperties) = preSolution
		HideSolutionNode = FALSE
	EndGlobalSection
	GlobalSection(ExtensibilityGlobals) = postSolution
		SolutionGuid = {13105141-AAEE-468B-BC77-6AC9EB958BA4}
	EndGlobalSection
EndGlobal
